
Microsoft Visual Studio Solution File, Format Version 12.00
# Visual Studio Version 17
VisualStudioVersion = 17.0.31903.59
MinimumVisualStudioVersion = 10.0.40219.1
Project("{9A19103F-16F7-4668-BE54-9A1E7A4F7556}") = "RestSharp.Polly.Extensions.Core", "RestSharp.Extensions\RestSharp.Polly.Extensions.Core.csproj", "{7C37D965-69B7-426F-A58B-BC0EE2651280}"
EndProject
Project("{FAE04EC0-301F-11D3-BF4B-00C04F79EFBC}") = "SimHash", "SimHash\SimHash.csproj", "{B9035170-C867-428C-9F19-3C19F28D8853}"
EndProject
Project("{FAE04EC0-301F-11D3-BF4B-00C04F79EFBC}") = "Funny.WebScrape", "Funny.WebScrape\Funny.WebScrape.csproj", "{F51B5CBF-1183-47A9-A537-86AFA3EC3478}"
EndProject
Project("{FAE04EC0-301F-11D3-BF4B-00C04F79EFBC}") = "Fetch.Server", "Fetch.Server\Fetch.Server.csproj", "{7F50D185-5349-4734-89DC-5BE5484A4784}"
EndProject
Project("{FAE04EC0-301F-11D3-BF4B-00C04F79EFBC}") = "Fetch.Cli", "Fetch.Cli\Fetch.Cli.csproj", "{B0FE85D8-5BEB-4F83-9A6E-B513AADC47E7}"
EndProject
Project("{FAE04EC0-301F-11D3-BF4B-00C04F79EFBC}") = "Funny.WebScrape.Tests", "Funny.WebScrape.Tests\Funny.WebScrape.Tests.csproj", "{673EBF59-5A63-4339-B6C0-18C73AEBB842}"
EndProject
Global
	GlobalSection(SolutionConfigurationPlatforms) = preSolution
		Debug|Any CPU = Debug|Any CPU
		Debug|x64 = Debug|x64
		Debug|x86 = Debug|x86
		Release|Any CPU = Release|Any CPU
		Release|x64 = Release|x64
		Release|x86 = Release|x86
	EndGlobalSection
	GlobalSection(ProjectConfigurationPlatforms) = postSolution
		{7C37D965-69B7-426F-A58B-BC0EE2651280}.Debug|Any CPU.ActiveCfg = Debug|Any CPU
		{7C37D965-69B7-426F-A58B-BC0EE2651280}.Debug|Any CPU.Build.0 = Debug|Any CPU
		{7C37D965-69B7-426F-A58B-BC0EE2651280}.Debug|x64.ActiveCfg = Debug|Any CPU
		{7C37D965-69B7-426F-A58B-BC0EE2651280}.Debug|x64.Build.0 = Debug|Any CPU
		{7C37D965-69B7-426F-A58B-BC0EE2651280}.Debug|x86.ActiveCfg = Debug|Any CPU
		{7C37D965-69B7-426F-A58B-BC0EE2651280}.Debug|x86.Build.0 = Debug|Any CPU
		{7C37D965-69B7-426F-A58B-BC0EE2651280}.Release|Any CPU.ActiveCfg = Release|Any CPU
		{7C37D965-69B7-426F-A58B-BC0EE2651280}.Release|Any CPU.Build.0 = Release|Any CPU
		{7C37D965-69B7-426F-A58B-BC0EE2651280}.Release|x64.ActiveCfg = Release|Any CPU
		{7C37D965-69B7-426F-A58B-BC0EE2651280}.Release|x64.Build.0 = Release|Any CPU
		{7C37D965-69B7-426F-A58B-BC0EE2651280}.Release|x86.ActiveCfg = Release|Any CPU
		{7C37D965-69B7-426F-A58B-BC0EE2651280}.Release|x86.Build.0 = Release|Any CPU
		{B9035170-C867-428C-9F19-3C19F28D8853}.Debug|Any CPU.ActiveCfg = Debug|Any CPU
		{B9035170-C867-428C-9F19-3C19F28D8853}.Debug|Any CPU.Build.0 = Debug|Any CPU
		{B9035170-C867-428C-9F19-3C19F28D8853}.Debug|x64.ActiveCfg = Debug|Any CPU
		{B9035170-C867-428C-9F19-3C19F28D8853}.Debug|x64.Build.0 = Debug|Any CPU
		{B9035170-C867-428C-9F19-3C19F28D8853}.Debug|x86.ActiveCfg = Debug|Any CPU
		{B9035170-C867-428C-9F19-3C19F28D8853}.Debug|x86.Build.0 = Debug|Any CPU
		{B9035170-C867-428C-9F19-3C19F28D8853}.Release|Any CPU.ActiveCfg = Release|Any CPU
		{B9035170-C867-428C-9F19-3C19F28D8853}.Release|Any CPU.Build.0 = Release|Any CPU
		{B9035170-C867-428C-9F19-3C19F28D8853}.Release|x64.ActiveCfg = Release|Any CPU
		{B9035170-C867-428C-9F19-3C19F28D8853}.Release|x64.Build.0 = Release|Any CPU
		{B9035170-C867-428C-9F19-3C19F28D8853}.Release|x86.ActiveCfg = Release|Any CPU
		{B9035170-C867-428C-9F19-3C19F28D8853}.Release|x86.Build.0 = Release|Any CPU
		{F51B5CBF-1183-47A9-A537-86AFA3EC3478}.Debug|Any CPU.ActiveCfg = Debug|Any CPU
		{F51B5CBF-1183-47A9-A537-86AFA3EC3478}.Debug|Any CPU.Build.0 = Debug|Any CPU
		{F51B5CBF-1183-47A9-A537-86AFA3EC3478}.Debug|x64.ActiveCfg = Debug|Any CPU
		{F51B5CBF-1183-47A9-A537-86AFA3EC3478}.Debug|x64.Build.0 = Debug|Any CPU
		{F51B5CBF-1183-47A9-A537-86AFA3EC3478}.Debug|x86.ActiveCfg = Debug|Any CPU
		{F51B5CBF-1183-47A9-A537-86AFA3EC3478}.Debug|x86.Build.0 = Debug|Any CPU
		{F51B5CBF-1183-47A9-A537-86AFA3EC3478}.Release|Any CPU.ActiveCfg = Release|Any CPU
		{F51B5CBF-1183-47A9-A537-86AFA3EC3478}.Release|Any CPU.Build.0 = Release|Any CPU
		{F51B5CBF-1183-47A9-A537-86AFA3EC3478}.Release|x64.ActiveCfg = Release|Any CPU
		{F51B5CBF-1183-47A9-A537-86AFA3EC3478}.Release|x64.Build.0 = Release|Any CPU
		{F51B5CBF-1183-47A9-A537-86AFA3EC3478}.Release|x86.ActiveCfg = Release|Any CPU
		{F51B5CBF-1183-47A9-A537-86AFA3EC3478}.Release|x86.Build.0 = Release|Any CPU
		{7F50D185-5349-4734-89DC-5BE5484A4784}.Debug|Any CPU.ActiveCfg = Debug|Any CPU
		{7F50D185-5349-4734-89DC-5BE5484A4784}.Debug|Any CPU.Build.0 = Debug|Any CPU
		{7F50D185-5349-4734-89DC-5BE5484A4784}.Debug|x64.ActiveCfg = Debug|Any CPU
		{7F50D185-5349-4734-89DC-5BE5484A4784}.Debug|x64.Build.0 = Debug|Any CPU
		{7F50D185-5349-4734-89DC-5BE5484A4784}.Debug|x86.ActiveCfg = Debug|Any CPU
		{7F50D185-5349-4734-89DC-5BE5484A4784}.Debug|x86.Build.0 = Debug|Any CPU
		{7F50D185-5349-4734-89DC-5BE5484A4784}.Release|Any CPU.ActiveCfg = Release|Any CPU
		{7F50D185-5349-4734-89DC-5BE5484A4784}.Release|Any CPU.Build.0 = Release|Any CPU
		{7F50D185-5349-4734-89DC-5BE5484A4784}.Release|x64.ActiveCfg = Release|Any CPU
		{7F50D185-5349-4734-89DC-5BE5484A4784}.Release|x64.Build.0 = Release|Any CPU
		{7F50D185-5349-4734-89DC-5BE5484A4784}.Release|x86.ActiveCfg = Release|Any CPU
		{7F50D185-5349-4734-89DC-5BE5484A4784}.Release|x86.Build.0 = Release|Any CPU
		{B0FE85D8-5BEB-4F83-9A6E-B513AADC47E7}.Debug|Any CPU.ActiveCfg = Debug|Any CPU
		{B0FE85D8-5BEB-4F83-9A6E-B513AADC47E7}.Debug|Any CPU.Build.0 = Debug|Any CPU
		{B0FE85D8-5BEB-4F83-9A6E-B513AADC47E7}.Debug|x64.ActiveCfg = Debug|Any CPU
		{B0FE85D8-5BEB-4F83-9A6E-B513AADC47E7}.Debug|x64.Build.0 = Debug|Any CPU
		{B0FE85D8-5BEB-4F83-9A6E-B513AADC47E7}.Debug|x86.ActiveCfg = Debug|Any CPU
		{B0FE85D8-5BEB-4F83-9A6E-B513AADC47E7}.Debug|x86.Build.0 = Debug|Any CPU
		{B0FE85D8-5BEB-4F83-9A6E-B513AADC47E7}.Release|Any CPU.ActiveCfg = Release|Any CPU
		{B0FE85D8-5BEB-4F83-9A6E-B513AADC47E7}.Release|Any CPU.Build.0 = Release|Any CPU
		{B0FE85D8-5BEB-4F83-9A6E-B513AADC47E7}.Release|x64.ActiveCfg = Release|Any CPU
		{B0FE85D8-5BEB-4F83-9A6E-B513AADC47E7}.Release|x64.Build.0 = Release|Any CPU
		{B0FE85D8-5BEB-4F83-9A6E-B513AADC47E7}.Release|x86.ActiveCfg = Release|Any CPU
		{B0FE85D8-5BEB-4F83-9A6E-B513AADC47E7}.Release|x86.Build.0 = Release|Any CPU
		{673EBF59-5A63-4339-B6C0-18C73AEBB842}.Debug|Any CPU.ActiveCfg = Debug|Any CPU
		{673EBF59-5A63-4339-B6C0-18C73AEBB842}.Debug|Any CPU.Build.0 = Debug|Any CPU
		{673EBF59-5A63-4339-B6C0-18C73AEBB842}.Debug|x64.ActiveCfg = Debug|Any CPU
		{673EBF59-5A63-4339-B6C0-18C73AEBB842}.Debug|x64.Build.0 = Debug|Any CPU
		{673EBF59-5A63-4339-B6C0-18C73AEBB842}.Debug|x86.ActiveCfg = Debug|Any CPU
		{673EBF59-5A63-4339-B6C0-18C73AEBB842}.Debug|x86.Build.0 = Debug|Any CPU
		{673EBF59-5A63-4339-B6C0-18C73AEBB842}.Release|Any CPU.ActiveCfg = Release|Any CPU
		{673EBF59-5A63-4339-B6C0-18C73AEBB842}.Release|Any CPU.Build.0 = Release|Any CPU
		{673EBF59-5A63-4339-B6C0-18C73AEBB842}.Release|x64.ActiveCfg = Release|Any CPU
		{673EBF59-5A63-4339-B6C0-18C73AEBB842}.Release|x64.Build.0 = Release|Any CPU
		{673EBF59-5A63-4339-B6C0-18C73AEBB842}.Release|x86.ActiveCfg = Release|Any CPU
		{673EBF59-5A63-4339-B6C0-18C73AEBB842}.Release|x86.Build.0 = Release|Any CPU
	EndGlobalSection
	GlobalSection(SolutionProperties) = preSolution
		HideSolutionNode = FALSE
	EndGlobalSection
	GlobalSection(ExtensibilityGlobals) = postSolution
		SolutionGuid = {092DD564-BB25-4266-9395-5756F6562395}
	EndGlobalSection
EndGlobal
