
Microsoft Visual Studio Solution File, Format Version 12.00
# Visual Studio Version 17
VisualStudioVersion = 17.0.31903.59
MinimumVisualStudioVersion = 10.0.40219.1
Project("{9A19103F-16F7-4668-BE54-9A1E7A4F7556}") = "UniversalProductScraper", "UniversalProductScraper\UniversalProductScraper.csproj", "{972D0CF5-89DE-4338-A640-C47EC758E669}"
EndProject
Project("{9A19103F-16F7-4668-BE54-9A1E7A4F7556}") = "RestSharp.Polly.Extensions.Core", "..\UniversalProductScraper\RestSharp.Extensions\RestSharp.Polly.Extensions.Core.csproj", "{7C37D965-69B7-426F-A58B-BC0EE2651280}"
EndProject
Project("{FAE04EC0-301F-11D3-BF4B-00C04F79EFBC}") = "SimHash", "SimHash\SimHash.csproj", "{B9035170-C867-428C-9F19-3C19F28D8853}"
EndProject
Global
	GlobalSection(SolutionConfigurationPlatforms) = preSolution
		Debug|Any CPU = Debug|Any CPU
		Debug|x64 = Debug|x64
		Release|Any CPU = Release|Any CPU
		Release|x64 = Release|x64
	EndGlobalSection
	GlobalSection(ProjectConfigurationPlatforms) = postSolution
		{972D0CF5-89DE-4338-A640-C47EC758E669}.Debug|Any CPU.ActiveCfg = Debug|Any CPU
		{972D0CF5-89DE-4338-A640-C47EC758E669}.Debug|Any CPU.Build.0 = Debug|Any CPU
		{972D0CF5-89DE-4338-A640-C47EC758E669}.Debug|x64.ActiveCfg = Debug|Any CPU
		{972D0CF5-89DE-4338-A640-C47EC758E669}.Debug|x64.Build.0 = Debug|Any CPU
		{972D0CF5-89DE-4338-A640-C47EC758E669}.Release|Any CPU.ActiveCfg = Release|Any CPU
		{972D0CF5-89DE-4338-A640-C47EC758E669}.Release|Any CPU.Build.0 = Release|Any CPU
		{972D0CF5-89DE-4338-A640-C47EC758E669}.Release|x64.ActiveCfg = Release|Any CPU
		{972D0CF5-89DE-4338-A640-C47EC758E669}.Release|x64.Build.0 = Release|Any CPU
		{7C37D965-69B7-426F-A58B-BC0EE2651280}.Debug|Any CPU.ActiveCfg = Debug|Any CPU
		{7C37D965-69B7-426F-A58B-BC0EE2651280}.Debug|Any CPU.Build.0 = Debug|Any CPU
		{7C37D965-69B7-426F-A58B-BC0EE2651280}.Debug|x64.ActiveCfg = Debug|Any CPU
		{7C37D965-69B7-426F-A58B-BC0EE2651280}.Debug|x64.Build.0 = Debug|Any CPU
		{7C37D965-69B7-426F-A58B-BC0EE2651280}.Release|Any CPU.ActiveCfg = Release|Any CPU
		{7C37D965-69B7-426F-A58B-BC0EE2651280}.Release|Any CPU.Build.0 = Release|Any CPU
		{7C37D965-69B7-426F-A58B-BC0EE2651280}.Release|x64.ActiveCfg = Release|Any CPU
		{7C37D965-69B7-426F-A58B-BC0EE2651280}.Release|x64.Build.0 = Release|Any CPU
		{B9035170-C867-428C-9F19-3C19F28D8853}.Debug|Any CPU.ActiveCfg = Debug|Any CPU
		{B9035170-C867-428C-9F19-3C19F28D8853}.Debug|Any CPU.Build.0 = Debug|Any CPU
		{B9035170-C867-428C-9F19-3C19F28D8853}.Debug|x64.ActiveCfg = Debug|Any CPU
		{B9035170-C867-428C-9F19-3C19F28D8853}.Debug|x64.Build.0 = Debug|Any CPU
		{B9035170-C867-428C-9F19-3C19F28D8853}.Release|Any CPU.ActiveCfg = Release|Any CPU
		{B9035170-C867-428C-9F19-3C19F28D8853}.Release|Any CPU.Build.0 = Release|Any CPU
		{B9035170-C867-428C-9F19-3C19F28D8853}.Release|x64.ActiveCfg = Release|Any CPU
		{B9035170-C867-428C-9F19-3C19F28D8853}.Release|x64.Build.0 = Release|Any CPU
	EndGlobalSection
	GlobalSection(SolutionProperties) = preSolution
		HideSolutionNode = FALSE
	EndGlobalSection
	GlobalSection(ExtensibilityGlobals) = postSolution
		SolutionGuid = {092DD564-BB25-4266-9395-5756F6562395}
	EndGlobalSection
EndGlobal
