
Microsoft Visual Studio Solution File, Format Version 12.00
# Visual Studio Version 16
VisualStudioVersion = 16.0.29806.167
MinimumVisualStudioVersion = 10.0.40219.1
Project("{9A19103F-16F7-4668-BE54-9A1E7A4F7556}") = "UniversalProductScraper", "UniversalProductScraper\UniversalProductScraper.csproj", "{972D0CF5-89DE-4338-A640-C47EC758E669}"
EndProject
Project("{FAE04EC0-301F-11D3-BF4B-00C04F79EFBC}") = "WebView", "WebView\WebView.csproj", "{0F023A76-C316-4B00-9D60-7DEC570BEA3E}"
EndProject
Project("{9A19103F-16F7-4668-BE54-9A1E7A4F7556}") = "RestSharp.Polly.Extensions.Core", "..\Scraper-Vouchers\RestSharp.PollyExtensions.Core\RestSharp.Polly.Extensions.Core.csproj", "{7C37D965-69B7-426F-A58B-BC0EE2651280}"
EndProject
Global
	GlobalSection(SolutionConfigurationPlatforms) = preSolution
		Debug|Any CPU = Debug|Any CPU
		Release|Any CPU = Release|Any CPU
	EndGlobalSection
	GlobalSection(ProjectConfigurationPlatforms) = postSolution
		{972D0CF5-89DE-4338-A640-C47EC758E669}.Debug|Any CPU.ActiveCfg = Debug|Any CPU
		{972D0CF5-89DE-4338-A640-C47EC758E669}.Debug|Any CPU.Build.0 = Debug|Any CPU
		{972D0CF5-89DE-4338-A640-C47EC758E669}.Release|Any CPU.ActiveCfg = Release|Any CPU
		{972D0CF5-89DE-4338-A640-C47EC758E669}.Release|Any CPU.Build.0 = Release|Any CPU
		{0F023A76-C316-4B00-9D60-7DEC570BEA3E}.Debug|Any CPU.ActiveCfg = Debug|Any CPU
		{0F023A76-C316-4B00-9D60-7DEC570BEA3E}.Debug|Any CPU.Build.0 = Debug|Any CPU
		{0F023A76-C316-4B00-9D60-7DEC570BEA3E}.Release|Any CPU.ActiveCfg = Release|Any CPU
		{0F023A76-C316-4B00-9D60-7DEC570BEA3E}.Release|Any CPU.Build.0 = Release|Any CPU
		{7C37D965-69B7-426F-A58B-BC0EE2651280}.Debug|Any CPU.ActiveCfg = Debug|Any CPU
		{7C37D965-69B7-426F-A58B-BC0EE2651280}.Debug|Any CPU.Build.0 = Debug|Any CPU
		{7C37D965-69B7-426F-A58B-BC0EE2651280}.Release|Any CPU.ActiveCfg = Release|Any CPU
		{7C37D965-69B7-426F-A58B-BC0EE2651280}.Release|Any CPU.Build.0 = Release|Any CPU
	EndGlobalSection
	GlobalSection(SolutionProperties) = preSolution
		HideSolutionNode = FALSE
	EndGlobalSection
	GlobalSection(ExtensibilityGlobals) = postSolution
		SolutionGuid = {092DD564-BB25-4266-9395-5756F6562395}
	EndGlobalSection
EndGlobal
